
Microsoft Visual Studio Solution File, Format Version 12.00
# Visual Studio 15
VisualStudioVersion = 15.0.27130.2010
MinimumVisualStudioVersion = 10.0.40219.1
Project("{FAE04EC0-301F-11D3-BF4B-00C04F79EFBC}") = "BookManagement", "BookManagement\BookManagement.csproj", "{289CA670-E21E-4B57-A5DF-F3664B45D572}"
EndProject
Project("{FAE04EC0-301F-11D3-BF4B-00C04F79EFBC}") = "SimpleCalculator", "SimpleCalculator\SimpleCalculator.csproj", "{03337E58-EBB6-4172-9454-9D7ABFC703A5}"
EndProject
Project("{8BC9CEB8-8B4A-11D0-8D11-00A0C91BC942}") = "LearningC", "LearningC\LearningC.vcxproj", "{ACF8EA09-F4A3-4132-A596-17BC1850EDE2}"
EndProject
Project("{FAE04EC0-301F-11D3-BF4B-00C04F79EFBC}") = "MicroCalculator", "MicroCalculator\MicroCalculator.csproj", "{FCBD4F9E-06D7-4DB0-A7DB-EFBAD7315035}"
EndProject
Project("{F184B08F-C81C-45F6-A57F-5ABD9991F28F}") = "CmnClsLib_Cnstnt", "CmnClsLib_Cnstnt\CmnClsLib_Cnstnt.vbproj", "{1E31C732-B320-49D4-B0DD-E9297D423953}"
EndProject
Project("{F184B08F-C81C-45F6-A57F-5ABD9991F28F}") = "Cmn_Data_Pg", "Cmn_Data_Pg\Cmn_Data_Pg.vbproj", "{14BF2E13-2059-4D4C-A419-98708751E58F}"
EndProject
Project("{F184B08F-C81C-45F6-A57F-5ABD9991F28F}") = "CmnClsLib_Func", "CmnClsLib_Func\CmnClsLib_Func.vbproj", "{9F3BF812-0166-4020-851F-8F44E345126E}"
EndProject
Project("{F184B08F-C81C-45F6-A57F-5ABD9991F28F}") = "DataMngLayer", "DataMngLayer\DataMngLayer.vbproj", "{6601CB24-8647-417A-AFBA-B722273AF3D5}"
EndProject
Project("{F184B08F-C81C-45F6-A57F-5ABD9991F28F}") = "Cmn_Data_Ora", "Cmn_Data_ORA\Cmn_Data_Ora.vbproj", "{F15B9F05-2119-4EED-9A6B-E9687A6A06FB}"
EndProject
Project("{F184B08F-C81C-45F6-A57F-5ABD9991F28F}") = "Cmn_Data_SqlSer", "Cmn_Data_SqlSer\Cmn_Data_SqlSer.vbproj", "{39700A82-7787-42EF-82D6-9DDF10347AE3}"
EndProject
Global
	GlobalSection(SolutionConfigurationPlatforms) = preSolution
		Debug|Any CPU = Debug|Any CPU
		Debug|x64 = Debug|x64
		Debug|x86 = Debug|x86
		Release|Any CPU = Release|Any CPU
		Release|x64 = Release|x64
		Release|x86 = Release|x86
	EndGlobalSection
	GlobalSection(ProjectConfigurationPlatforms) = postSolution
		{289CA670-E21E-4B57-A5DF-F3664B45D572}.Debug|Any CPU.ActiveCfg = Debug|Any CPU
		{289CA670-E21E-4B57-A5DF-F3664B45D572}.Debug|Any CPU.Build.0 = Debug|Any CPU
		{289CA670-E21E-4B57-A5DF-F3664B45D572}.Debug|x64.ActiveCfg = Debug|Any CPU
		{289CA670-E21E-4B57-A5DF-F3664B45D572}.Debug|x64.Build.0 = Debug|Any CPU
		{289CA670-E21E-4B57-A5DF-F3664B45D572}.Debug|x86.ActiveCfg = Debug|Any CPU
		{289CA670-E21E-4B57-A5DF-F3664B45D572}.Debug|x86.Build.0 = Debug|Any CPU
		{289CA670-E21E-4B57-A5DF-F3664B45D572}.Release|Any CPU.ActiveCfg = Release|Any CPU
		{289CA670-E21E-4B57-A5DF-F3664B45D572}.Release|Any CPU.Build.0 = Release|Any CPU
		{289CA670-E21E-4B57-A5DF-F3664B45D572}.Release|x64.ActiveCfg = Release|Any CPU
		{289CA670-E21E-4B57-A5DF-F3664B45D572}.Release|x64.Build.0 = Release|Any CPU
		{289CA670-E21E-4B57-A5DF-F3664B45D572}.Release|x86.ActiveCfg = Release|Any CPU
		{289CA670-E21E-4B57-A5DF-F3664B45D572}.Release|x86.Build.0 = Release|Any CPU
		{03337E58-EBB6-4172-9454-9D7ABFC703A5}.Debug|Any CPU.ActiveCfg = Debug|Any CPU
		{03337E58-EBB6-4172-9454-9D7ABFC703A5}.Debug|Any CPU.Build.0 = Debug|Any CPU
		{03337E58-EBB6-4172-9454-9D7ABFC703A5}.Debug|x64.ActiveCfg = Debug|Any CPU
		{03337E58-EBB6-4172-9454-9D7ABFC703A5}.Debug|x64.Build.0 = Debug|Any CPU
		{03337E58-EBB6-4172-9454-9D7ABFC703A5}.Debug|x86.ActiveCfg = Debug|Any CPU
		{03337E58-EBB6-4172-9454-9D7ABFC703A5}.Debug|x86.Build.0 = Debug|Any CPU
		{03337E58-EBB6-4172-9454-9D7ABFC703A5}.Release|Any CPU.ActiveCfg = Release|Any CPU
		{03337E58-EBB6-4172-9454-9D7ABFC703A5}.Release|Any CPU.Build.0 = Release|Any CPU
		{03337E58-EBB6-4172-9454-9D7ABFC703A5}.Release|x64.ActiveCfg = Release|Any CPU
		{03337E58-EBB6-4172-9454-9D7ABFC703A5}.Release|x64.Build.0 = Release|Any CPU
		{03337E58-EBB6-4172-9454-9D7ABFC703A5}.Release|x86.ActiveCfg = Release|Any CPU
		{03337E58-EBB6-4172-9454-9D7ABFC703A5}.Release|x86.Build.0 = Release|Any CPU
		{ACF8EA09-F4A3-4132-A596-17BC1850EDE2}.Debug|Any CPU.ActiveCfg = Debug|Win32
		{ACF8EA09-F4A3-4132-A596-17BC1850EDE2}.Debug|x64.ActiveCfg = Debug|x64
		{ACF8EA09-F4A3-4132-A596-17BC1850EDE2}.Debug|x64.Build.0 = Debug|x64
		{ACF8EA09-F4A3-4132-A596-17BC1850EDE2}.Debug|x86.ActiveCfg = Debug|Win32
		{ACF8EA09-F4A3-4132-A596-17BC1850EDE2}.Debug|x86.Build.0 = Debug|Win32
		{ACF8EA09-F4A3-4132-A596-17BC1850EDE2}.Release|Any CPU.ActiveCfg = Release|Win32
		{ACF8EA09-F4A3-4132-A596-17BC1850EDE2}.Release|x64.ActiveCfg = Release|x64
		{ACF8EA09-F4A3-4132-A596-17BC1850EDE2}.Release|x64.Build.0 = Release|x64
		{ACF8EA09-F4A3-4132-A596-17BC1850EDE2}.Release|x86.ActiveCfg = Release|Win32
		{ACF8EA09-F4A3-4132-A596-17BC1850EDE2}.Release|x86.Build.0 = Release|Win32
		{FCBD4F9E-06D7-4DB0-A7DB-EFBAD7315035}.Debug|Any CPU.ActiveCfg = Debug|Any CPU
		{FCBD4F9E-06D7-4DB0-A7DB-EFBAD7315035}.Debug|Any CPU.Build.0 = Debug|Any CPU
		{FCBD4F9E-06D7-4DB0-A7DB-EFBAD7315035}.Debug|x64.ActiveCfg = Debug|Any CPU
		{FCBD4F9E-06D7-4DB0-A7DB-EFBAD7315035}.Debug|x64.Build.0 = Debug|Any CPU
		{FCBD4F9E-06D7-4DB0-A7DB-EFBAD7315035}.Debug|x86.ActiveCfg = Debug|Any CPU
		{FCBD4F9E-06D7-4DB0-A7DB-EFBAD7315035}.Debug|x86.Build.0 = Debug|Any CPU
		{FCBD4F9E-06D7-4DB0-A7DB-EFBAD7315035}.Release|Any CPU.ActiveCfg = Release|Any CPU
		{FCBD4F9E-06D7-4DB0-A7DB-EFBAD7315035}.Release|Any CPU.Build.0 = Release|Any CPU
		{FCBD4F9E-06D7-4DB0-A7DB-EFBAD7315035}.Release|x64.ActiveCfg = Release|Any CPU
		{FCBD4F9E-06D7-4DB0-A7DB-EFBAD7315035}.Release|x64.Build.0 = Release|Any CPU
		{FCBD4F9E-06D7-4DB0-A7DB-EFBAD7315035}.Release|x86.ActiveCfg = Release|Any CPU
		{FCBD4F9E-06D7-4DB0-A7DB-EFBAD7315035}.Release|x86.Build.0 = Release|Any CPU
		{1E31C732-B320-49D4-B0DD-E9297D423953}.Debug|Any CPU.ActiveCfg = Debug|Any CPU
		{1E31C732-B320-49D4-B0DD-E9297D423953}.Debug|Any CPU.Build.0 = Debug|Any CPU
		{1E31C732-B320-49D4-B0DD-E9297D423953}.Debug|x64.ActiveCfg = Debug|Any CPU
		{1E31C732-B320-49D4-B0DD-E9297D423953}.Debug|x64.Build.0 = Debug|Any CPU
		{1E31C732-B320-49D4-B0DD-E9297D423953}.Debug|x86.ActiveCfg = Debug|Any CPU
		{1E31C732-B320-49D4-B0DD-E9297D423953}.Debug|x86.Build.0 = Debug|Any CPU
		{1E31C732-B320-49D4-B0DD-E9297D423953}.Release|Any CPU.ActiveCfg = Release|Any CPU
		{1E31C732-B320-49D4-B0DD-E9297D423953}.Release|Any CPU.Build.0 = Release|Any CPU
		{1E31C732-B320-49D4-B0DD-E9297D423953}.Release|x64.ActiveCfg = Release|Any CPU
		{1E31C732-B320-49D4-B0DD-E9297D423953}.Release|x64.Build.0 = Release|Any CPU
		{1E31C732-B320-49D4-B0DD-E9297D423953}.Release|x86.ActiveCfg = Release|Any CPU
		{1E31C732-B320-49D4-B0DD-E9297D423953}.Release|x86.Build.0 = Release|Any CPU
		{14BF2E13-2059-4D4C-A419-98708751E58F}.Debug|Any CPU.ActiveCfg = Debug|Any CPU
		{14BF2E13-2059-4D4C-A419-98708751E58F}.Debug|Any CPU.Build.0 = Debug|Any CPU
		{14BF2E13-2059-4D4C-A419-98708751E58F}.Debug|x64.ActiveCfg = Debug|Any CPU
		{14BF2E13-2059-4D4C-A419-98708751E58F}.Debug|x64.Build.0 = Debug|Any CPU
		{14BF2E13-2059-4D4C-A419-98708751E58F}.Debug|x86.ActiveCfg = Debug|Any CPU
		{14BF2E13-2059-4D4C-A419-98708751E58F}.Debug|x86.Build.0 = Debug|Any CPU
		{14BF2E13-2059-4D4C-A419-98708751E58F}.Release|Any CPU.ActiveCfg = Release|Any CPU
		{14BF2E13-2059-4D4C-A419-98708751E58F}.Release|Any CPU.Build.0 = Release|Any CPU
		{14BF2E13-2059-4D4C-A419-98708751E58F}.Release|x64.ActiveCfg = Release|Any CPU
		{14BF2E13-2059-4D4C-A419-98708751E58F}.Release|x64.Build.0 = Release|Any CPU
		{14BF2E13-2059-4D4C-A419-98708751E58F}.Release|x86.ActiveCfg = Release|Any CPU
		{14BF2E13-2059-4D4C-A419-98708751E58F}.Release|x86.Build.0 = Release|Any CPU
		{9F3BF812-0166-4020-851F-8F44E345126E}.Debug|Any CPU.ActiveCfg = Debug|Any CPU
		{9F3BF812-0166-4020-851F-8F44E345126E}.Debug|Any CPU.Build.0 = Debug|Any CPU
		{9F3BF812-0166-4020-851F-8F44E345126E}.Debug|x64.ActiveCfg = Debug|Any CPU
		{9F3BF812-0166-4020-851F-8F44E345126E}.Debug|x64.Build.0 = Debug|Any CPU
		{9F3BF812-0166-4020-851F-8F44E345126E}.Debug|x86.ActiveCfg = Debug|Any CPU
		{9F3BF812-0166-4020-851F-8F44E345126E}.Debug|x86.Build.0 = Debug|Any CPU
		{9F3BF812-0166-4020-851F-8F44E345126E}.Release|Any CPU.ActiveCfg = Release|Any CPU
		{9F3BF812-0166-4020-851F-8F44E345126E}.Release|Any CPU.Build.0 = Release|Any CPU
		{9F3BF812-0166-4020-851F-8F44E345126E}.Release|x64.ActiveCfg = Release|Any CPU
		{9F3BF812-0166-4020-851F-8F44E345126E}.Release|x64.Build.0 = Release|Any CPU
		{9F3BF812-0166-4020-851F-8F44E345126E}.Release|x86.ActiveCfg = Release|Any CPU
		{9F3BF812-0166-4020-851F-8F44E345126E}.Release|x86.Build.0 = Release|Any CPU
		{6601CB24-8647-417A-AFBA-B722273AF3D5}.Debug|Any CPU.ActiveCfg = Debug|Any CPU
		{6601CB24-8647-417A-AFBA-B722273AF3D5}.Debug|Any CPU.Build.0 = Debug|Any CPU
		{6601CB24-8647-417A-AFBA-B722273AF3D5}.Debug|x64.ActiveCfg = Debug|Any CPU
		{6601CB24-8647-417A-AFBA-B722273AF3D5}.Debug|x64.Build.0 = Debug|Any CPU
		{6601CB24-8647-417A-AFBA-B722273AF3D5}.Debug|x86.ActiveCfg = Debug|Any CPU
		{6601CB24-8647-417A-AFBA-B722273AF3D5}.Debug|x86.Build.0 = Debug|Any CPU
		{6601CB24-8647-417A-AFBA-B722273AF3D5}.Release|Any CPU.ActiveCfg = Release|Any CPU
		{6601CB24-8647-417A-AFBA-B722273AF3D5}.Release|Any CPU.Build.0 = Release|Any CPU
		{6601CB24-8647-417A-AFBA-B722273AF3D5}.Release|x64.ActiveCfg = Release|Any CPU
		{6601CB24-8647-417A-AFBA-B722273AF3D5}.Release|x64.Build.0 = Release|Any CPU
		{6601CB24-8647-417A-AFBA-B722273AF3D5}.Release|x86.ActiveCfg = Release|Any CPU
		{6601CB24-8647-417A-AFBA-B722273AF3D5}.Release|x86.Build.0 = Release|Any CPU
		{F15B9F05-2119-4EED-9A6B-E9687A6A06FB}.Debug|Any CPU.ActiveCfg = Debug|Any CPU
		{F15B9F05-2119-4EED-9A6B-E9687A6A06FB}.Debug|Any CPU.Build.0 = Debug|Any CPU
		{F15B9F05-2119-4EED-9A6B-E9687A6A06FB}.Debug|x64.ActiveCfg = Debug|Any CPU
		{F15B9F05-2119-4EED-9A6B-E9687A6A06FB}.Debug|x64.Build.0 = Debug|Any CPU
		{F15B9F05-2119-4EED-9A6B-E9687A6A06FB}.Debug|x86.ActiveCfg = Debug|Any CPU
		{F15B9F05-2119-4EED-9A6B-E9687A6A06FB}.Debug|x86.Build.0 = Debug|Any CPU
		{F15B9F05-2119-4EED-9A6B-E9687A6A06FB}.Release|Any CPU.ActiveCfg = Release|Any CPU
		{F15B9F05-2119-4EED-9A6B-E9687A6A06FB}.Release|Any CPU.Build.0 = Release|Any CPU
		{F15B9F05-2119-4EED-9A6B-E9687A6A06FB}.Release|x64.ActiveCfg = Release|Any CPU
		{F15B9F05-2119-4EED-9A6B-E9687A6A06FB}.Release|x64.Build.0 = Release|Any CPU
		{F15B9F05-2119-4EED-9A6B-E9687A6A06FB}.Release|x86.ActiveCfg = Release|Any CPU
		{F15B9F05-2119-4EED-9A6B-E9687A6A06FB}.Release|x86.Build.0 = Release|Any CPU
		{39700A82-7787-42EF-82D6-9DDF10347AE3}.Debug|Any CPU.ActiveCfg = Debug|Any CPU
		{39700A82-7787-42EF-82D6-9DDF10347AE3}.Debug|Any CPU.Build.0 = Debug|Any CPU
		{39700A82-7787-42EF-82D6-9DDF10347AE3}.Debug|x64.ActiveCfg = Debug|Any CPU
		{39700A82-7787-42EF-82D6-9DDF10347AE3}.Debug|x64.Build.0 = Debug|Any CPU
		{39700A82-7787-42EF-82D6-9DDF10347AE3}.Debug|x86.ActiveCfg = Debug|Any CPU
		{39700A82-7787-42EF-82D6-9DDF10347AE3}.Debug|x86.Build.0 = Debug|Any CPU
		{39700A82-7787-42EF-82D6-9DDF10347AE3}.Release|Any CPU.ActiveCfg = Release|Any CPU
		{39700A82-7787-42EF-82D6-9DDF10347AE3}.Release|Any CPU.Build.0 = Release|Any CPU
		{39700A82-7787-42EF-82D6-9DDF10347AE3}.Release|x64.ActiveCfg = Release|Any CPU
		{39700A82-7787-42EF-82D6-9DDF10347AE3}.Release|x64.Build.0 = Release|Any CPU
		{39700A82-7787-42EF-82D6-9DDF10347AE3}.Release|x86.ActiveCfg = Release|Any CPU
		{39700A82-7787-42EF-82D6-9DDF10347AE3}.Release|x86.Build.0 = Release|Any CPU
	EndGlobalSection
	GlobalSection(SolutionProperties) = preSolution
		HideSolutionNode = FALSE
	EndGlobalSection
	GlobalSection(ExtensibilityGlobals) = postSolution
		SolutionGuid = {566FDD1E-53F3-42EE-9446-73564E59D931}
	EndGlobalSection
EndGlobal
